// !$*UTF8*$!
{
	archiveVersion = 1;
	classes = {
	};
	objectVersion = 46;
	objects = {

/* Begin PBXBuildFile section */
		4CB3A4AD12D879EFA7C656C3 /* Pods_pokedex_by_aurora.framework in Frameworks */ = {isa = PBXBuildFile; fileRef = 720C73E7171A2A12EC9E3B38 /* Pods_pokedex_by_aurora.framework */; };
		A20CC49E1CD4911B0050DBFB /* AppDelegate.swift in Sources */ = {isa = PBXBuildFile; fileRef = A20CC49D1CD4911B0050DBFB /* AppDelegate.swift */; };
		A20CC4A01CD4911B0050DBFB /* ViewController.swift in Sources */ = {isa = PBXBuildFile; fileRef = A20CC49F1CD4911B0050DBFB /* ViewController.swift */; };
		A20CC4A51CD4911B0050DBFB /* Assets.xcassets in Resources */ = {isa = PBXBuildFile; fileRef = A20CC4A41CD4911B0050DBFB /* Assets.xcassets */; };
		A20CC4A81CD4911B0050DBFB /* LaunchScreen.storyboard in Resources */ = {isa = PBXBuildFile; fileRef = A20CC4A61CD4911B0050DBFB /* LaunchScreen.storyboard */; };
		A20CC4B01CD4BE9E0050DBFB /* pokemon.csv in Resources */ = {isa = PBXBuildFile; fileRef = A20CC4AF1CD4BE9E0050DBFB /* pokemon.csv */; };
		A20CC4B31CD4C55A0050DBFB /* Pokemon.swift in Sources */ = {isa = PBXBuildFile; fileRef = A20CC4B21CD4C55A0050DBFB /* Pokemon.swift */; };
		A20CC4B71CD4DC520050DBFB /* PokieCell.swift in Sources */ = {isa = PBXBuildFile; fileRef = A20CC4B61CD4DC520050DBFB /* PokieCell.swift */; };
		A20CC4B91CD570730050DBFB /* csv.swift in Sources */ = {isa = PBXBuildFile; fileRef = A20CC4B81CD570730050DBFB /* csv.swift */; };
		A20CC4BF1CD598140050DBFB /* PokemonSolid.ttf in Resources */ = {isa = PBXBuildFile; fileRef = A20CC4BE1CD598140050DBFB /* PokemonSolid.ttf */; };
		A20CC4C11CD5E4830050DBFB /* music.mp3 in Resources */ = {isa = PBXBuildFile; fileRef = A20CC4C01CD5E4830050DBFB /* music.mp3 */; };
		A20CC4C31CD6F0730050DBFB /* PokemonDetailVC.swift in Sources */ = {isa = PBXBuildFile; fileRef = A20CC4C21CD6F0730050DBFB /* PokemonDetailVC.swift */; };
		A20CC4C91CD6FD1F0050DBFB /* Main.storyboard in Resources */ = {isa = PBXBuildFile; fileRef = A20CC4C81CD6FD1F0050DBFB /* Main.storyboard */; };
		A2BEB0221CDA0F08008C6EE9 /* Constants.swift in Sources */ = {isa = PBXBuildFile; fileRef = A2BEB0211CDA0F08008C6EE9 /* Constants.swift */; };
/* End PBXBuildFile section */

/* Begin PBXFileReference section */
		390E68D8BA7BBB01E26CCB9A /* Pods-pokedex-by-aurora.debug.xcconfig */ = {isa = PBXFileReference; includeInIndex = 1; lastKnownFileType = text.xcconfig; name = "Pods-pokedex-by-aurora.debug.xcconfig"; path = "Pods/Target Support Files/Pods-pokedex-by-aurora/Pods-pokedex-by-aurora.debug.xcconfig"; sourceTree = "<group>"; };
		720C73E7171A2A12EC9E3B38 /* Pods_pokedex_by_aurora.framework */ = {isa = PBXFileReference; explicitFileType = wrapper.framework; includeInIndex = 0; path = Pods_pokedex_by_aurora.framework; sourceTree = BUILT_PRODUCTS_DIR; };
		A1B11E7344DBA72D5A211B95 /* Pods-pokedex-by-aurora.release.xcconfig */ = {isa = PBXFileReference; includeInIndex = 1; lastKnownFileType = text.xcconfig; name = "Pods-pokedex-by-aurora.release.xcconfig"; path = "Pods/Target Support Files/Pods-pokedex-by-aurora/Pods-pokedex-by-aurora.release.xcconfig"; sourceTree = "<group>"; };
		A20CC49A1CD4911B0050DBFB /* pokedex-by-aurora.app */ = {isa = PBXFileReference; explicitFileType = wrapper.application; includeInIndex = 0; path = "pokedex-by-aurora.app"; sourceTree = BUILT_PRODUCTS_DIR; };
		A20CC49D1CD4911B0050DBFB /* AppDelegate.swift */ = {isa = PBXFileReference; lastKnownFileType = sourcecode.swift; path = AppDelegate.swift; sourceTree = "<group>"; };
		A20CC49F1CD4911B0050DBFB /* ViewController.swift */ = {isa = PBXFileReference; lastKnownFileType = sourcecode.swift; path = ViewController.swift; sourceTree = "<group>"; };
		A20CC4A41CD4911B0050DBFB /* Assets.xcassets */ = {isa = PBXFileReference; lastKnownFileType = folder.assetcatalog; path = Assets.xcassets; sourceTree = "<group>"; };
		A20CC4A71CD4911B0050DBFB /* Base */ = {isa = PBXFileReference; lastKnownFileType = file.storyboard; name = Base; path = Base.lproj/LaunchScreen.storyboard; sourceTree = "<group>"; };
		A20CC4A91CD4911B0050DBFB /* Info.plist */ = {isa = PBXFileReference; lastKnownFileType = text.plist.xml; path = Info.plist; sourceTree = "<group>"; };
		A20CC4AF1CD4BE9E0050DBFB /* pokemon.csv */ = {isa = PBXFileReference; fileEncoding = 4; lastKnownFileType = text; path = pokemon.csv; sourceTree = "<group>"; };
		A20CC4B21CD4C55A0050DBFB /* Pokemon.swift */ = {isa = PBXFileReference; fileEncoding = 4; lastKnownFileType = sourcecode.swift; path = Pokemon.swift; sourceTree = "<group>"; };
		A20CC4B61CD4DC520050DBFB /* PokieCell.swift */ = {isa = PBXFileReference; fileEncoding = 4; lastKnownFileType = sourcecode.swift; path = PokieCell.swift; sourceTree = "<group>"; };
		A20CC4B81CD570730050DBFB /* csv.swift */ = {isa = PBXFileReference; fileEncoding = 4; lastKnownFileType = sourcecode.swift; path = csv.swift; sourceTree = "<group>"; };
		A20CC4BE1CD598140050DBFB /* PokemonSolid.ttf */ = {isa = PBXFileReference; lastKnownFileType = file; path = PokemonSolid.ttf; sourceTree = "<group>"; };
		A20CC4C01CD5E4830050DBFB /* music.mp3 */ = {isa = PBXFileReference; lastKnownFileType = audio.mp3; path = music.mp3; sourceTree = "<group>"; };
		A20CC4C21CD6F0730050DBFB /* PokemonDetailVC.swift */ = {isa = PBXFileReference; fileEncoding = 4; lastKnownFileType = sourcecode.swift; path = PokemonDetailVC.swift; sourceTree = "<group>"; };
		A20CC4C81CD6FD1F0050DBFB /* Main.storyboard */ = {isa = PBXFileReference; fileEncoding = 4; lastKnownFileType = file.storyboard; path = Main.storyboard; sourceTree = "<group>"; };
		A2BEB0211CDA0F08008C6EE9 /* Constants.swift */ = {isa = PBXFileReference; fileEncoding = 4; lastKnownFileType = sourcecode.swift; path = Constants.swift; sourceTree = "<group>"; };
/* End PBXFileReference section */

/* Begin PBXFrameworksBuildPhase section */
		A20CC4971CD4911B0050DBFB /* Frameworks */ = {
			isa = PBXFrameworksBuildPhase;
			buildActionMask = 2147483647;
			files = (
				4CB3A4AD12D879EFA7C656C3 /* Pods_pokedex_by_aurora.framework in Frameworks */,
			);
			runOnlyForDeploymentPostprocessing = 0;
		};
/* End PBXFrameworksBuildPhase section */

/* Begin PBXGroup section */
		A20CC4911CD4911B0050DBFB = {
			isa = PBXGroup;
			children = (
				A20CC49C1CD4911B0050DBFB /* pokedex-by-aurora */,
				A20CC49B1CD4911B0050DBFB /* Products */,
				B3C05C66CDDEA7D9233394EA /* Pods */,
				B9353B866A60A8C466B65D54 /* Frameworks */,
			);
			sourceTree = "<group>";
		};
		A20CC49B1CD4911B0050DBFB /* Products */ = {
			isa = PBXGroup;
			children = (
				A20CC49A1CD4911B0050DBFB /* pokedex-by-aurora.app */,
			);
			name = Products;
			sourceTree = "<group>";
		};
		A20CC49C1CD4911B0050DBFB /* pokedex-by-aurora */ = {
			isa = PBXGroup;
			children = (
				A20CC4B11CD4C5490050DBFB /* Model */,
				A20CC4B41CD4DC100050DBFB /* View */,
				A20CC4B51CD4DC170050DBFB /* Controller */,
				A20CC4BC1CD5714F0050DBFB /* Util */,
				A20CC4BD1CD572080050DBFB /* Resources */,
				A20CC49D1CD4911B0050DBFB /* AppDelegate.swift */,
				A20CC4C81CD6FD1F0050DBFB /* Main.storyboard */,
				A20CC4A41CD4911B0050DBFB /* Assets.xcassets */,
				A20CC4A61CD4911B0050DBFB /* LaunchScreen.storyboard */,
				A20CC4A91CD4911B0050DBFB /* Info.plist */,
			);
			path = "pokedex-by-aurora";
			sourceTree = "<group>";
		};
		A20CC4B11CD4C5490050DBFB /* Model */ = {
			isa = PBXGroup;
			children = (
				A20CC4B21CD4C55A0050DBFB /* Pokemon.swift */,
			);
			name = Model;
			sourceTree = "<group>";
		};
		A20CC4B41CD4DC100050DBFB /* View */ = {
			isa = PBXGroup;
			children = (
				A20CC4B61CD4DC520050DBFB /* PokieCell.swift */,
			);
			name = View;
			sourceTree = "<group>";
		};
		A20CC4B51CD4DC170050DBFB /* Controller */ = {
			isa = PBXGroup;
			children = (
				A20CC49F1CD4911B0050DBFB /* ViewController.swift */,
				A20CC4C21CD6F0730050DBFB /* PokemonDetailVC.swift */,
			);
			name = Controller;
			sourceTree = "<group>";
		};
		A20CC4BC1CD5714F0050DBFB /* Util */ = {
			isa = PBXGroup;
			children = (
				A20CC4B81CD570730050DBFB /* csv.swift */,
				A2BEB0211CDA0F08008C6EE9 /* Constants.swift */,
			);
			name = Util;
			sourceTree = "<group>";
		};
		A20CC4BD1CD572080050DBFB /* Resources */ = {
			isa = PBXGroup;
			children = (
				A20CC4C01CD5E4830050DBFB /* music.mp3 */,
				A20CC4BE1CD598140050DBFB /* PokemonSolid.ttf */,
				A20CC4AF1CD4BE9E0050DBFB /* pokemon.csv */,
			);
			name = Resources;
			sourceTree = "<group>";
		};
		B3C05C66CDDEA7D9233394EA /* Pods */ = {
			isa = PBXGroup;
			children = (
				390E68D8BA7BBB01E26CCB9A /* Pods-pokedex-by-aurora.debug.xcconfig */,
				A1B11E7344DBA72D5A211B95 /* Pods-pokedex-by-aurora.release.xcconfig */,
			);
			name = Pods;
			sourceTree = "<group>";
		};
		B9353B866A60A8C466B65D54 /* Frameworks */ = {
			isa = PBXGroup;
			children = (
				720C73E7171A2A12EC9E3B38 /* Pods_pokedex_by_aurora.framework */,
			);
			name = Frameworks;
			sourceTree = "<group>";
		};
/* End PBXGroup section */

/* Begin PBXNativeTarget section */
		A20CC4991CD4911B0050DBFB /* pokedex-by-aurora */ = {
			isa = PBXNativeTarget;
			buildConfigurationList = A20CC4AC1CD4911B0050DBFB /* Build configuration list for PBXNativeTarget "pokedex-by-aurora" */;
			buildPhases = (
				F605C17134C7A6F87A366725 /* Check Pods Manifest.lock */,
				A20CC4961CD4911B0050DBFB /* Sources */,
				A20CC4971CD4911B0050DBFB /* Frameworks */,
				A20CC4981CD4911B0050DBFB /* Resources */,
				F8C1C44518C374AEE07599D1 /* Embed Pods Frameworks */,
				FBC4B61BB4081CD8E74C2C44 /* Copy Pods Resources */,
			);
			buildRules = (
			);
			dependencies = (
			);
			name = "pokedex-by-aurora";
			productName = "pokedex-by-aurora";
			productReference = A20CC49A1CD4911B0050DBFB /* pokedex-by-aurora.app */;
			productType = "com.apple.product-type.application";
		};
/* End PBXNativeTarget section */

/* Begin PBXProject section */
		A20CC4921CD4911B0050DBFB /* Project object */ = {
			isa = PBXProject;
			attributes = {
				LastSwiftUpdateCheck = 0730;
				LastUpgradeCheck = 0730;
				ORGANIZATIONNAME = "Aurora Software";
				TargetAttributes = {
					A20CC4991CD4911B0050DBFB = {
						CreatedOnToolsVersion = 7.3;
					};
				};
			};
			buildConfigurationList = A20CC4951CD4911B0050DBFB /* Build configuration list for PBXProject "pokedex-by-aurora" */;
			compatibilityVersion = "Xcode 3.2";
			developmentRegion = English;
			hasScannedForEncodings = 0;
			knownRegions = (
				en,
				Base,
			);
			mainGroup = A20CC4911CD4911B0050DBFB;
			productRefGroup = A20CC49B1CD4911B0050DBFB /* Products */;
			projectDirPath = "";
			projectRoot = "";
			targets = (
				A20CC4991CD4911B0050DBFB /* pokedex-by-aurora */,
			);
		};
/* End PBXProject section */

/* Begin PBXResourcesBuildPhase section */
		A20CC4981CD4911B0050DBFB /* Resources */ = {
			isa = PBXResourcesBuildPhase;
			buildActionMask = 2147483647;
			files = (
				A20CC4A81CD4911B0050DBFB /* LaunchScreen.storyboard in Resources */,
				A20CC4A51CD4911B0050DBFB /* Assets.xcassets in Resources */,
				A20CC4C11CD5E4830050DBFB /* music.mp3 in Resources */,
				A20CC4C91CD6FD1F0050DBFB /* Main.storyboard in Resources */,
				A20CC4BF1CD598140050DBFB /* PokemonSolid.ttf in Resources */,
				A20CC4B01CD4BE9E0050DBFB /* pokemon.csv in Resources */,
			);
			runOnlyForDeploymentPostprocessing = 0;
		};
/* End PBXResourcesBuildPhase section */

/* Begin PBXShellScriptBuildPhase section */
		F605C17134C7A6F87A366725 /* Check Pods Manifest.lock */ = {
			isa = PBXShellScriptBuildPhase;
			buildActionMask = 2147483647;
			files = (
			);
			inputPaths = (
			);
			name = "Check Pods Manifest.lock";
			outputPaths = (
			);
			runOnlyForDeploymentPostprocessing = 0;
			shellPath = /bin/sh;
			shellScript = "diff \"${PODS_ROOT}/../Podfile.lock\" \"${PODS_ROOT}/Manifest.lock\" > /dev/null\nif [[ $? != 0 ]] ; then\n    cat << EOM\nerror: The sandbox is not in sync with the Podfile.lock. Run 'pod install' or update your CocoaPods installation.\nEOM\n    exit 1\nfi\n";
			showEnvVarsInLog = 0;
		};
		F8C1C44518C374AEE07599D1 /* Embed Pods Frameworks */ = {
			isa = PBXShellScriptBuildPhase;
			buildActionMask = 2147483647;
			files = (
			);
			inputPaths = (
			);
			name = "Embed Pods Frameworks";
			outputPaths = (
			);
			runOnlyForDeploymentPostprocessing = 0;
			shellPath = /bin/sh;
			shellScript = "\"${SRCROOT}/Pods/Target Support Files/Pods-pokedex-by-aurora/Pods-pokedex-by-aurora-frameworks.sh\"\n";
			showEnvVarsInLog = 0;
		};
		FBC4B61BB4081CD8E74C2C44 /* Copy Pods Resources */ = {
			isa = PBXShellScriptBuildPhase;
			buildActionMask = 2147483647;
			files = (
			);
			inputPaths = (
			);
			name = "Copy Pods Resources";
			outputPaths = (
			);
			runOnlyForDeploymentPostprocessing = 0;
			shellPath = /bin/sh;
			shellScript = "\"${SRCROOT}/Pods/Target Support Files/Pods-pokedex-by-aurora/Pods-pokedex-by-aurora-resources.sh\"\n";
			showEnvVarsInLog = 0;
		};
/* End PBXShellScriptBuildPhase section */

/* Begin PBXSourcesBuildPhase section */
		A20CC4961CD4911B0050DBFB /* Sources */ = {
			isa = PBXSourcesBuildPhase;
			buildActionMask = 2147483647;
			files = (
				A20CC4A01CD4911B0050DBFB /* ViewController.swift in Sources */,
				A20CC49E1CD4911B0050DBFB /* AppDelegate.swift in Sources */,
				A20CC4B71CD4DC520050DBFB /* PokieCell.swift in Sources */,
				A20CC4C31CD6F0730050DBFB /* PokemonDetailVC.swift in Sources */,
				A2BEB0221CDA0F08008C6EE9 /* Constants.swift in Sources */,
				A20CC4B31CD4C55A0050DBFB /* Pokemon.swift in Sources */,
				A20CC4B91CD570730050DBFB /* csv.swift in Sources */,
			);
			runOnlyForDeploymentPostprocessing = 0;
		};
/* End PBXSourcesBuildPhase section */

/* Begin PBXVariantGroup section */
		A20CC4A61CD4911B0050DBFB /* LaunchScreen.storyboard */ = {
			isa = PBXVariantGroup;
			children = (
				A20CC4A71CD4911B0050DBFB /* Base */,
			);
			name = LaunchScreen.storyboard;
			sourceTree = "<group>";
		};
/* End PBXVariantGroup section */

/* Begin XCBuildConfiguration section */
		A20CC4AA1CD4911B0050DBFB /* Debug */ = {
			isa = XCBuildConfiguration;
			buildSettings = {
				ALWAYS_SEARCH_USER_PATHS = NO;
				CLANG_ANALYZER_NONNULL = YES;
				CLANG_CXX_LANGUAGE_STANDARD = "gnu++0x";
				CLANG_CXX_LIBRARY = "libc++";
				CLANG_ENABLE_MODULES = YES;
				CLANG_ENABLE_OBJC_ARC = YES;
				CLANG_WARN_BOOL_CONVERSION = YES;
				CLANG_WARN_CONSTANT_CONVERSION = YES;
				CLANG_WARN_DIRECT_OBJC_ISA_USAGE = YES_ERROR;
				CLANG_WARN_EMPTY_BODY = YES;
				CLANG_WARN_ENUM_CONVERSION = YES;
				CLANG_WARN_INT_CONVERSION = YES;
				CLANG_WARN_OBJC_ROOT_CLASS = YES_ERROR;
				CLANG_WARN_UNREACHABLE_CODE = YES;
				CLANG_WARN__DUPLICATE_METHOD_MATCH = YES;
				"CODE_SIGN_IDENTITY[sdk=iphoneos*]" = "iPhone Developer";
				COPY_PHASE_STRIP = NO;
				DEBUG_INFORMATION_FORMAT = dwarf;
				ENABLE_STRICT_OBJC_MSGSEND = YES;
				ENABLE_TESTABILITY = YES;
				GCC_C_LANGUAGE_STANDARD = gnu99;
				GCC_DYNAMIC_NO_PIC = NO;
				GCC_NO_COMMON_BLOCKS = YES;
				GCC_OPTIMIZATION_LEVEL = 0;
				GCC_PREPROCESSOR_DEFINITIONS = (
					"DEBUG=1",
					"$(inherited)",
				);
				GCC_WARN_64_TO_32_BIT_CONVERSION = YES;
				GCC_WARN_ABOUT_RETURN_TYPE = YES_ERROR;
				GCC_WARN_UNDECLARED_SELECTOR = YES;
				GCC_WARN_UNINITIALIZED_AUTOS = YES_AGGRESSIVE;
				GCC_WARN_UNUSED_FUNCTION = YES;
				GCC_WARN_UNUSED_VARIABLE = YES;
				IPHONEOS_DEPLOYMENT_TARGET = 9.3;
				MTL_ENABLE_DEBUG_INFO = YES;
				ONLY_ACTIVE_ARCH = YES;
				SDKROOT = iphoneos;
				SWIFT_OPTIMIZATION_LEVEL = "-Onone";
				TARGETED_DEVICE_FAMILY = "1,2";
			};
			name = Debug;
		};
		A20CC4AB1CD4911B0050DBFB /* Release */ = {
			isa = XCBuildConfiguration;
			buildSettings = {
				ALWAYS_SEARCH_USER_PATHS = NO;
				CLANG_ANALYZER_NONNULL = YES;
				CLANG_CXX_LANGUAGE_STANDARD = "gnu++0x";
				CLANG_CXX_LIBRARY = "libc++";
				CLANG_ENABLE_MODULES = YES;
				CLANG_ENABLE_OBJC_ARC = YES;
				CLANG_WARN_BOOL_CONVERSION = YES;
				CLANG_WARN_CONSTANT_CONVERSION = YES;
				CLANG_WARN_DIRECT_OBJC_ISA_USAGE = YES_ERROR;
				CLANG_WARN_EMPTY_BODY = YES;
				CLANG_WARN_ENUM_CONVERSION = YES;
				CLANG_WARN_INT_CONVERSION = YES;
				CLANG_WARN_OBJC_ROOT_CLASS = YES_ERROR;
				CLANG_WARN_UNREACHABLE_CODE = YES;
				CLANG_WARN__DUPLICATE_METHOD_MATCH = YES;
				"CODE_SIGN_IDENTITY[sdk=iphoneos*]" = "iPhone Developer";
				COPY_PHASE_STRIP = NO;
				DEBUG_INFORMATION_FORMAT = "dwarf-with-dsym";
				ENABLE_NS_ASSERTIONS = NO;
				ENABLE_STRICT_OBJC_MSGSEND = YES;
				GCC_C_LANGUAGE_STANDARD = gnu99;
				GCC_NO_COMMON_BLOCKS = YES;
				GCC_WARN_64_TO_32_BIT_CONVERSION = YES;
				GCC_WARN_ABOUT_RETURN_TYPE = YES_ERROR;
				GCC_WARN_UNDECLARED_SELECTOR = YES;
				GCC_WARN_UNINITIALIZED_AUTOS = YES_AGGRESSIVE;
				GCC_WARN_UNUSED_FUNCTION = YES;
				GCC_WARN_UNUSED_VARIABLE = YES;
				IPHONEOS_DEPLOYMENT_TARGET = 9.3;
				MTL_ENABLE_DEBUG_INFO = NO;
				SDKROOT = iphoneos;
				TARGETED_DEVICE_FAMILY = "1,2";
				VALIDATE_PRODUCT = YES;
			};
			name = Release;
		};
		A20CC4AD1CD4911B0050DBFB /* Debug */ = {
			isa = XCBuildConfiguration;
			baseConfigurationReference = 390E68D8BA7BBB01E26CCB9A /* Pods-pokedex-by-aurora.debug.xcconfig */;
			buildSettings = {
				ASSETCATALOG_COMPILER_APPICON_NAME = AppIcon;
				INFOPLIST_FILE = "pokedex-by-aurora/Info.plist";
				LD_RUNPATH_SEARCH_PATHS = "$(inherited) @executable_path/Frameworks";
				PRODUCT_BUNDLE_IDENTIFIER = "com.aurora.pokedex-by-aurora";
				PRODUCT_NAME = "$(TARGET_NAME)";
			};
			name = Debug;
		};
		A20CC4AE1CD4911B0050DBFB /* Release */ = {
			isa = XCBuildConfiguration;
			baseConfigurationReference = A1B11E7344DBA72D5A211B95 /* Pods-pokedex-by-aurora.release.xcconfig */;
			buildSettings = {
				ASSETCATALOG_COMPILER_APPICON_NAME = AppIcon;
				INFOPLIST_FILE = "pokedex-by-aurora/Info.plist";
				LD_RUNPATH_SEARCH_PATHS = "$(inherited) @executable_path/Frameworks";
				PRODUCT_BUNDLE_IDENTIFIER = "com.aurora.pokedex-by-aurora";
				PRODUCT_NAME = "$(TARGET_NAME)";
			};
			name = Release;
		};
/* End XCBuildConfiguration section */

/* Begin XCConfigurationList section */
		A20CC4951CD4911B0050DBFB /* Build configuration list for PBXProject "pokedex-by-aurora" */ = {
			isa = XCConfigurationList;
			buildConfigurations = (
				A20CC4AA1CD4911B0050DBFB /* Debug */,
				A20CC4AB1CD4911B0050DBFB /* Release */,
			);
			defaultConfigurationIsVisible = 0;
			defaultConfigurationName = Release;
		};
		A20CC4AC1CD4911B0050DBFB /* Build configuration list for PBXNativeTarget "pokedex-by-aurora" */ = {
			isa = XCConfigurationList;
			buildConfigurations = (
				A20CC4AD1CD4911B0050DBFB /* Debug */,
				A20CC4AE1CD4911B0050DBFB /* Release */,
			);
			defaultConfigurationIsVisible = 0;
			defaultConfigurationName = Release;
		};
/* End XCConfigurationList section */
	};
	rootObject = A20CC4921CD4911B0050DBFB /* Project object */;
}
